
Microsoft Visual Studio Solution File, Format Version 12.00
Project("{FAE04EC0-301F-11D3-BF4B-00C04F79EFBC}") = "Singleton", "Singleton\Singleton.csproj", "{D55E7278-C46C-4720-A17A-072D77C71B34}"
EndProject
Project("{2150E333-8FDC-42A3-9474-1A3956D46DE8}") = "CreationalPatterns", "CreationalPatterns", "{B612CE55-ACCD-4293-ABE2-C9E16B992AAE}"
EndProject
Project("{FAE04EC0-301F-11D3-BF4B-00C04F79EFBC}") = "BuilderPattern", "BuilderPattern\BuilderPattern.csproj", "{F7CF0312-53DB-4C33-A1D5-A164BBED539A}"
EndProject
Project("{FAE04EC0-301F-11D3-BF4B-00C04F79EFBC}") = "FactoryMethod", "FactoryMethod\FactoryMethod.csproj", "{9546BB89-5DE5-4FDA-A48C-0B0FFC1B138C}"
EndProject
Project("{FAE04EC0-301F-11D3-BF4B-00C04F79EFBC}") = "AbstractFactory", "AbstractFactory\AbstractFactory.csproj", "{D53569BE-30A7-43A8-835B-651CC84E42A4}"
EndProject
Project("{FAE04EC0-301F-11D3-BF4B-00C04F79EFBC}") = "Prototype", "Prototype\Prototype.csproj", "{510CAB1D-4485-4437-9469-A651B4AF4F83}"
EndProject
Global
	GlobalSection(SolutionConfigurationPlatforms) = preSolution
		Debug|Any CPU = Debug|Any CPU
		Release|Any CPU = Release|Any CPU
	EndGlobalSection
	GlobalSection(ProjectConfigurationPlatforms) = postSolution
		{D55E7278-C46C-4720-A17A-072D77C71B34}.Debug|Any CPU.ActiveCfg = Debug|Any CPU
		{D55E7278-C46C-4720-A17A-072D77C71B34}.Debug|Any CPU.Build.0 = Debug|Any CPU
		{D55E7278-C46C-4720-A17A-072D77C71B34}.Release|Any CPU.ActiveCfg = Release|Any CPU
		{D55E7278-C46C-4720-A17A-072D77C71B34}.Release|Any CPU.Build.0 = Release|Any CPU
		{F7CF0312-53DB-4C33-A1D5-A164BBED539A}.Debug|Any CPU.ActiveCfg = Debug|Any CPU
		{F7CF0312-53DB-4C33-A1D5-A164BBED539A}.Debug|Any CPU.Build.0 = Debug|Any CPU
		{F7CF0312-53DB-4C33-A1D5-A164BBED539A}.Release|Any CPU.ActiveCfg = Release|Any CPU
		{F7CF0312-53DB-4C33-A1D5-A164BBED539A}.Release|Any CPU.Build.0 = Release|Any CPU
		{9546BB89-5DE5-4FDA-A48C-0B0FFC1B138C}.Debug|Any CPU.ActiveCfg = Debug|Any CPU
		{9546BB89-5DE5-4FDA-A48C-0B0FFC1B138C}.Debug|Any CPU.Build.0 = Debug|Any CPU
		{9546BB89-5DE5-4FDA-A48C-0B0FFC1B138C}.Release|Any CPU.ActiveCfg = Release|Any CPU
		{9546BB89-5DE5-4FDA-A48C-0B0FFC1B138C}.Release|Any CPU.Build.0 = Release|Any CPU
		{D53569BE-30A7-43A8-835B-651CC84E42A4}.Debug|Any CPU.ActiveCfg = Debug|Any CPU
		{D53569BE-30A7-43A8-835B-651CC84E42A4}.Debug|Any CPU.Build.0 = Debug|Any CPU
		{D53569BE-30A7-43A8-835B-651CC84E42A4}.Release|Any CPU.ActiveCfg = Release|Any CPU
		{D53569BE-30A7-43A8-835B-651CC84E42A4}.Release|Any CPU.Build.0 = Release|Any CPU
		{510CAB1D-4485-4437-9469-A651B4AF4F83}.Debug|Any CPU.ActiveCfg = Debug|Any CPU
		{510CAB1D-4485-4437-9469-A651B4AF4F83}.Debug|Any CPU.Build.0 = Debug|Any CPU
		{510CAB1D-4485-4437-9469-A651B4AF4F83}.Release|Any CPU.ActiveCfg = Release|Any CPU
		{510CAB1D-4485-4437-9469-A651B4AF4F83}.Release|Any CPU.Build.0 = Release|Any CPU
	EndGlobalSection
	GlobalSection(NestedProjects) = preSolution
		{D55E7278-C46C-4720-A17A-072D77C71B34} = {B612CE55-ACCD-4293-ABE2-C9E16B992AAE}
		{F7CF0312-53DB-4C33-A1D5-A164BBED539A} = {B612CE55-ACCD-4293-ABE2-C9E16B992AAE}
		{9546BB89-5DE5-4FDA-A48C-0B0FFC1B138C} = {B612CE55-ACCD-4293-ABE2-C9E16B992AAE}
		{D53569BE-30A7-43A8-835B-651CC84E42A4} = {B612CE55-ACCD-4293-ABE2-C9E16B992AAE}
		{510CAB1D-4485-4437-9469-A651B4AF4F83} = {B612CE55-ACCD-4293-ABE2-C9E16B992AAE}
	EndGlobalSection
EndGlobal
